{
  "name": "@hanamesh/dsh-app-host",
  "version": "0.1.0-rc.1",
  "lockfileVersion": 3,
  "requires": true,
  "packages": {
    "": {
      "name": "@hanamesh/dsh-app-host",
      "version": "0.1.0-rc.1",
      "license": "UNLICENSED",
      "engines": {
        "node": ">=22.16.0"
      },
      "peerDependencies": {
        "@deepseek-ai/cordis": "^4.0.2",
        "@deepseek-ai/schemastery": "^3.18.2"
      },
      "peerDependenciesMeta": {
        "@deepseek-ai/cordis": {
          "optional": true
        },
        "@deepseek-ai/schemastery": {
          "optional": true
        }
      }
    }
  }
}
